{
  "lockfileVersion": 1,
  "workspaces": {
    "": {
      "dependencies": {
        "@alpinejs/focus": "^3.14.8",
        "@tailwindcss/cli": "^4.0.2",
        "alpinejs": "^3.14.8",
        "external-svg-loader": "^1.7.1",
      },
      "devDependencies": {
        "@tailwindcss/typography": "^0.5.16",
        "daisyui": "^5.0.0-beta.6",
        "tailwindcss": "^4.0.2",
      },
    },
  },
  "packages": {
    "@alpinejs/focus": ["@alpinejs/focus@3.14.8", "", { "dependencies": { "focus-trap": "^6.9.4", "tabbable": "^5.3.3" } }, "sha512-lTeU4lyifIL4h2nGf2BHKSX3d8lT7mPn3phR5Yu497ub+al9W2eKXVc42MVm1piY3l6KiYCdNXZTcHaTEm78Kg=="],

    "@parcel/watcher": ["@parcel/watcher@2.5.0", "", { "dependencies": { "detect-libc": "^1.0.3", "is-glob": "^4.0.3", "micromatch": "^4.0.5", "node-addon-api": "^7.0.0" }, "optionalDependencies": { "@parcel/watcher-android-arm64": "2.5.0", "@parcel/watcher-darwin-arm64": "2.5.0", "@parcel/watcher-darwin-x64": "2.5.0", "@parcel/watcher-freebsd-x64": "2.5.0", "@parcel/watcher-linux-arm-glibc": "2.5.0", "@parcel/watcher-linux-arm-musl": "2.5.0", "@parcel/watcher-linux-arm64-glibc": "2.5.0", "@parcel/watcher-linux-arm64-musl": "2.5.0", "@parcel/watcher-linux-x64-glibc": "2.5.0", "@parcel/watcher-linux-x64-musl": "2.5.0", "@parcel/watcher-win32-arm64": "2.5.0", "@parcel/watcher-win32-ia32": "2.5.0", "@parcel/watcher-win32-x64": "2.5.0" } }, "sha512-i0GV1yJnm2n3Yq1qw6QrUrd/LI9bE8WEBOTtOkpCXHHdyN3TAGgqAK/DAT05z4fq2x04cARXt2pDmjWjL92iTQ=="],

    "@parcel/watcher-android-arm64": ["@parcel/watcher-android-arm64@2.5.0", "", { "os": "android", "cpu": "arm64" }, "sha512-qlX4eS28bUcQCdribHkg/herLe+0A9RyYC+mm2PXpncit8z5b3nSqGVzMNR3CmtAOgRutiZ02eIJJgP/b1iEFQ=="],

    "@parcel/watcher-darwin-arm64": ["@parcel/watcher-darwin-arm64@2.5.0", "", { "os": "darwin", "cpu": "arm64" }, "sha512-hyZ3TANnzGfLpRA2s/4U1kbw2ZI4qGxaRJbBH2DCSREFfubMswheh8TeiC1sGZ3z2jUf3s37P0BBlrD3sjVTUw=="],

    "@parcel/watcher-darwin-x64": ["@parcel/watcher-darwin-x64@2.5.0", "", { "os": "darwin", "cpu": "x64" }, "sha512-9rhlwd78saKf18fT869/poydQK8YqlU26TMiNg7AIu7eBp9adqbJZqmdFOsbZ5cnLp5XvRo9wcFmNHgHdWaGYA=="],

    "@parcel/watcher-freebsd-x64": ["@parcel/watcher-freebsd-x64@2.5.0", "", { "os": "freebsd", "cpu": "x64" }, "sha512-syvfhZzyM8kErg3VF0xpV8dixJ+RzbUaaGaeb7uDuz0D3FK97/mZ5AJQ3XNnDsXX7KkFNtyQyFrXZzQIcN49Tw=="],

    "@parcel/watcher-linux-arm-glibc": ["@parcel/watcher-linux-arm-glibc@2.5.0", "", { "os": "linux", "cpu": "arm" }, "sha512-0VQY1K35DQET3dVYWpOaPFecqOT9dbuCfzjxoQyif1Wc574t3kOSkKevULddcR9znz1TcklCE7Ht6NIxjvTqLA=="],

    "@parcel/watcher-linux-arm-musl": ["@parcel/watcher-linux-arm-musl@2.5.0", "", { "os": "linux", "cpu": "arm" }, "sha512-6uHywSIzz8+vi2lAzFeltnYbdHsDm3iIB57d4g5oaB9vKwjb6N6dRIgZMujw4nm5r6v9/BQH0noq6DzHrqr2pA=="],

    "@parcel/watcher-linux-arm64-glibc": ["@parcel/watcher-linux-arm64-glibc@2.5.0", "", { "os": "linux", "cpu": "arm64" }, "sha512-BfNjXwZKxBy4WibDb/LDCriWSKLz+jJRL3cM/DllnHH5QUyoiUNEp3GmL80ZqxeumoADfCCP19+qiYiC8gUBjA=="],

    "@parcel/watcher-linux-arm64-musl": ["@parcel/watcher-linux-arm64-musl@2.5.0", "", { "os": "linux", "cpu": "arm64" }, "sha512-S1qARKOphxfiBEkwLUbHjCY9BWPdWnW9j7f7Hb2jPplu8UZ3nes7zpPOW9bkLbHRvWM0WDTsjdOTUgW0xLBN1Q=="],

    "@parcel/watcher-linux-x64-glibc": ["@parcel/watcher-linux-x64-glibc@2.5.0", "", { "os": "linux", "cpu": "x64" }, "sha512-d9AOkusyXARkFD66S6zlGXyzx5RvY+chTP9Jp0ypSTC9d4lzyRs9ovGf/80VCxjKddcUvnsGwCHWuF2EoPgWjw=="],

    "@parcel/watcher-linux-x64-musl": ["@parcel/watcher-linux-x64-musl@2.5.0", "", { "os": "linux", "cpu": "x64" }, "sha512-iqOC+GoTDoFyk/VYSFHwjHhYrk8bljW6zOhPuhi5t9ulqiYq1togGJB5e3PwYVFFfeVgc6pbz3JdQyDoBszVaA=="],

    "@parcel/watcher-win32-arm64": ["@parcel/watcher-win32-arm64@2.5.0", "", { "os": "win32", "cpu": "arm64" }, "sha512-twtft1d+JRNkM5YbmexfcH/N4znDtjgysFaV9zvZmmJezQsKpkfLYJ+JFV3uygugK6AtIM2oADPkB2AdhBrNig=="],

    "@parcel/watcher-win32-ia32": ["@parcel/watcher-win32-ia32@2.5.0", "", { "os": "win32", "cpu": "ia32" }, "sha512-+rgpsNRKwo8A53elqbbHXdOMtY/tAtTzManTWShB5Kk54N8Q9mzNWV7tV+IbGueCbcj826MfWGU3mprWtuf1TA=="],

    "@parcel/watcher-win32-x64": ["@parcel/watcher-win32-x64@2.5.0", "", { "os": "win32", "cpu": "x64" }, "sha512-lPrxve92zEHdgeff3aiu4gDOIt4u7sJYha6wbdEZDCDUhtjTsOMiaJzG5lMY4GkWH8p0fMmO2Ppq5G5XXG+DQw=="],

    "@tailwindcss/cli": ["@tailwindcss/cli@4.0.3", "", { "dependencies": { "@parcel/watcher": "^2.5.0", "@tailwindcss/node": "^4.0.3", "@tailwindcss/oxide": "^4.0.3", "enhanced-resolve": "^5.18.0", "lightningcss": "^1.29.1", "mri": "^1.2.0", "picocolors": "^1.1.1", "tailwindcss": "4.0.3" }, "bin": { "tailwindcss": "dist/index.mjs" } }, "sha512-EPmuqS5e1yax6Qe1vRoWFbCCttMS/Thc+yFGSE/nzYe/BdYDlUc+OoE7D5DawAz4sI5H8v8Zx/mYyEdy+saB0w=="],

    "@tailwindcss/node": ["@tailwindcss/node@4.0.3", "", { "dependencies": { "enhanced-resolve": "^5.18.0", "jiti": "^2.4.2", "tailwindcss": "4.0.3" } }, "sha512-QsVJokOl0pJ4AbJV33D2npvLcHGPWi5MOSZtrtE0GT3tSx+3D0JE2lokLA8yHS1x3oCY/3IyRyy7XX6tmzid7A=="],

    "@tailwindcss/oxide": ["@tailwindcss/oxide@4.0.3", "", { "optionalDependencies": { "@tailwindcss/oxide-android-arm64": "4.0.3", "@tailwindcss/oxide-darwin-arm64": "4.0.3", "@tailwindcss/oxide-darwin-x64": "4.0.3", "@tailwindcss/oxide-freebsd-x64": "4.0.3", "@tailwindcss/oxide-linux-arm-gnueabihf": "4.0.3", "@tailwindcss/oxide-linux-arm64-gnu": "4.0.3", "@tailwindcss/oxide-linux-arm64-musl": "4.0.3", "@tailwindcss/oxide-linux-x64-gnu": "4.0.3", "@tailwindcss/oxide-linux-x64-musl": "4.0.3", "@tailwindcss/oxide-win32-arm64-msvc": "4.0.3", "@tailwindcss/oxide-win32-x64-msvc": "4.0.3" } }, "sha512-FFcp3VNvRjjmFA39ORM27g2mbflMQljhvM7gxBAujHxUy4LXlKa6yMF9wbHdTbPqTONiCyyOYxccvJyVyI/XBg=="],

    "@tailwindcss/oxide-android-arm64": ["@tailwindcss/oxide-android-arm64@4.0.3", "", { "os": "android", "cpu": "arm64" }, "sha512-S8XOTQuMnpijZRlPm5HBzPJjZ28quB+40LSRHjRnQF6rRYKsvpr1qkY7dfwsetNdd+kMLOMDsvmuT8WnqqETvg=="],

    "@tailwindcss/oxide-darwin-arm64": ["@tailwindcss/oxide-darwin-arm64@4.0.3", "", { "os": "darwin", "cpu": "arm64" }, "sha512-smrY2DpzhXvgDhZtQlYAl8+vxJ04lv2/64C1eiRxvsRT2nkw/q+zA1/eAYKvUHat6cIuwqDku3QucmrUT6pCeg=="],

    "@tailwindcss/oxide-darwin-x64": ["@tailwindcss/oxide-darwin-x64@4.0.3", "", { "os": "darwin", "cpu": "x64" }, "sha512-NTz8x/LcGUjpZAWUxz0ZuzHao90Wj9spoQgomwB+/hgceh5gcJDfvaBYqxLFpKzVglpnbDSq1Fg0p0zI4oa5Pg=="],

    "@tailwindcss/oxide-freebsd-x64": ["@tailwindcss/oxide-freebsd-x64@4.0.3", "", { "os": "freebsd", "cpu": "x64" }, "sha512-yQc9Q0JCOp3kkAV8gKgDctXO60IkQhHpqGB+KgOccDtD5UmN6Q5+gd+lcsDyQ7N8dRuK1fAud51xQpZJgKfm7g=="],

    "@tailwindcss/oxide-linux-arm-gnueabihf": ["@tailwindcss/oxide-linux-arm-gnueabihf@4.0.3", "", { "os": "linux", "cpu": "arm" }, "sha512-e1ivVMLSnxTOU1O3npnxN16FEyWM/g3SuH2pP6udxXwa0/SnSAijRwcAYRpqIlhVKujr158S8UeHxQjC4fGl4w=="],

    "@tailwindcss/oxide-linux-arm64-gnu": ["@tailwindcss/oxide-linux-arm64-gnu@4.0.3", "", { "os": "linux", "cpu": "arm64" }, "sha512-PLrToqQqX6sdJ9DmMi8IxZWWrfjc9pdi9AEEPTrtMts3Jm9HBi1WqEeF1VwZZ2aW9TXloE5OwA35zuuq1Bhb/Q=="],

    "@tailwindcss/oxide-linux-arm64-musl": ["@tailwindcss/oxide-linux-arm64-musl@4.0.3", "", { "os": "linux", "cpu": "arm64" }, "sha512-YlzRxx7N1ampfgSKzEDw0iwDkJXUInR4cgNEqmR4TzHkU2Vhg59CGPJrTI7dxOBofD8+O35R13Nk9Ytyv0JUFg=="],

    "@tailwindcss/oxide-linux-x64-gnu": ["@tailwindcss/oxide-linux-x64-gnu@4.0.3", "", { "os": "linux", "cpu": "x64" }, "sha512-Xfc3z/li6XkuD7Hs+Uk6pjyCXnfnd9zuQTKOyDTZJ544xc2yoMKUkuDw6Et9wb31MzU2/c0CIUpTDa71lL9KHw=="],

    "@tailwindcss/oxide-linux-x64-musl": ["@tailwindcss/oxide-linux-x64-musl@4.0.3", "", { "os": "linux", "cpu": "x64" }, "sha512-ugKVqKzwa/cjmqSQG17aS9DYrEcQ/a5NITcgmOr3JLW4Iz64C37eoDlkC8tIepD3S/Td/ywKAolTQ8fKbjEL4g=="],

    "@tailwindcss/oxide-win32-arm64-msvc": ["@tailwindcss/oxide-win32-arm64-msvc@4.0.3", "", { "os": "win32", "cpu": "arm64" }, "sha512-qHPDMl+UUwsk1RMJMgAXvhraWqUUT+LR/tkXix5RA39UGxtTrHwsLIN1AhNxI5i2RFXAXfmFXDqZCdyQ4dWmAQ=="],

    "@tailwindcss/oxide-win32-x64-msvc": ["@tailwindcss/oxide-win32-x64-msvc@4.0.3", "", { "os": "win32", "cpu": "x64" }, "sha512-+ujwN4phBGyOsPyLgGgeCyUm4Mul+gqWVCIGuSXWgrx9xVUnf6LVXrw0BDBc9Aq1S2qMyOTX4OkCGbZeoIo8Qw=="],

    "@tailwindcss/typography": ["@tailwindcss/typography@0.5.16", "", { "dependencies": { "lodash.castarray": "^4.4.0", "lodash.isplainobject": "^4.0.6", "lodash.merge": "^4.6.2", "postcss-selector-parser": "6.0.10" }, "peerDependencies": { "tailwindcss": ">=3.0.0 || insiders || >=4.0.0-alpha.20 || >=4.0.0-beta.1" } }, "sha512-0wDLwCVF5V3x3b1SGXPCDcdsbDHMBe+lkFzBRaHeLvNi+nrrnZ1lA18u+OTWO8iSWU2GxUOCvlXtDuqftc1oiA=="],

    "@vue/reactivity": ["@vue/reactivity@3.1.5", "", { "dependencies": { "@vue/shared": "3.1.5" } }, "sha512-1tdfLmNjWG6t/CsPldh+foumYFo3cpyCHgBYQ34ylaMsJ+SNHQ1kApMIa8jN+i593zQuaw3AdWH0nJTARzCFhg=="],

    "@vue/shared": ["@vue/shared@3.1.5", "", {}, "sha512-oJ4F3TnvpXaQwZJNF3ZK+kLPHKarDmJjJ6jyzVNDKH9md1dptjC7lWR//jrGuLdek/U6iltWxqAnYOu8gCiOvA=="],

    "alpinejs": ["alpinejs@3.14.8", "", { "dependencies": { "@vue/reactivity": "~3.1.1" } }, "sha512-wT2fuP2DXpGk/jKaglwy7S/IJpm1FD+b7U6zUrhwErjoq5h27S4dxkJEXVvhbdwyPv9U+3OkUuNLkZT4h2Kfrg=="],

    "braces": ["braces@3.0.3", "", { "dependencies": { "fill-range": "^7.1.1" } }, "sha512-yQbXgO/OSZVD2IsiLlro+7Hf6Q18EJrKSEsdoMzKePKXct3gvD8oLcOQdIzGupr5Fj+EDe8gO/lxc1BzfMpxvA=="],

    "cssesc": ["cssesc@3.0.0", "", { "bin": { "cssesc": "bin/cssesc" } }, "sha512-/Tb/JcjK111nNScGob5MNtsntNM1aCNUDipB/TkwZFhyDrrE47SOx/18wF2bbjgc3ZzCSKW1T5nt5EbFoAz/Vg=="],

    "daisyui": ["daisyui@5.0.0-beta.6", "", {}, "sha512-gwXHv6MApRBrvUayzg83vS6bfZ+y7/1VGLu0a8/cEAMviS4rXLCd4AndEdlVxhq+25wkAp0CZRkNQ7O4wIoFnQ=="],

    "detect-libc": ["detect-libc@1.0.3", "", { "bin": { "detect-libc": "./bin/detect-libc.js" } }, "sha512-pGjwhsmsp4kL2RTz08wcOlGN83otlqHeD/Z5T8GXZB+/YcpQ/dgo+lbU8ZsGxV0HIvqqxo9l7mqYwyYMD9bKDg=="],

    "enhanced-resolve": ["enhanced-resolve@5.18.0", "", { "dependencies": { "graceful-fs": "^4.2.4", "tapable": "^2.2.0" } }, "sha512-0/r0MySGYG8YqlayBZ6MuCfECmHFdJ5qyPh8s8wa5Hnm6SaFLSK1VYCbj+NKp090Nm1caZhD+QTnmxO7esYGyQ=="],

    "external-svg-loader": ["external-svg-loader@1.7.1", "", { "dependencies": { "idb-keyval": "^6.2.0" } }, "sha512-aoar7PRXhy+hNgp49Xh2rsI+9CS65IqlLc9z2CmRM5eTQdA3H/S4QkIYVT5dH5Nf0r81d/424rHYEyC3qjPvHw=="],

    "fill-range": ["fill-range@7.1.1", "", { "dependencies": { "to-regex-range": "^5.0.1" } }, "sha512-YsGpe3WHLK8ZYi4tWDg2Jy3ebRz2rXowDxnld4bkQB00cc/1Zw9AWnC0i9ztDJitivtQvaI9KaLyKrc+hBW0yg=="],

    "focus-trap": ["focus-trap@6.9.4", "", { "dependencies": { "tabbable": "^5.3.3" } }, "sha512-v2NTsZe2FF59Y+sDykKY+XjqZ0cPfhq/hikWVL88BqLivnNiEffAsac6rP6H45ff9wG9LL5ToiDqrLEP9GX9mw=="],

    "graceful-fs": ["graceful-fs@4.2.11", "", {}, "sha512-RbJ5/jmFcNNCcDV5o9eTnBLJ/HszWV0P73bc+Ff4nS/rJj+YaS6IGyiOL0VoBYX+l1Wrl3k63h/KrH+nhJ0XvQ=="],

    "idb-keyval": ["idb-keyval@6.2.1", "", {}, "sha512-8Sb3veuYCyrZL+VBt9LJfZjLUPWVvqn8tG28VqYNFCo43KHcKuq+b4EiXGeuaLAQWL2YmyDgMp2aSpH9JHsEQg=="],

    "is-extglob": ["is-extglob@2.1.1", "", {}, "sha512-SbKbANkN603Vi4jEZv49LeVJMn4yGwsbzZworEoyEiutsN3nJYdbO36zfhGJ6QEDpOZIFkDtnq5JRxmvl3jsoQ=="],

    "is-glob": ["is-glob@4.0.3", "", { "dependencies": { "is-extglob": "^2.1.1" } }, "sha512-xelSayHH36ZgE7ZWhli7pW34hNbNl8Ojv5KVmkJD4hBdD3th8Tfk9vYasLM+mXWOZhFkgZfxhLSnrwRr4elSSg=="],

    "is-number": ["is-number@7.0.0", "", {}, "sha512-41Cifkg6e8TylSpdtTpeLVMqvSBEVzTttHvERD741+pnZ8ANv0004MRL43QKPDlK9cGvNp6NZWZUBlbGXYxxng=="],

    "jiti": ["jiti@2.4.2", "", { "bin": { "jiti": "lib/jiti-cli.mjs" } }, "sha512-rg9zJN+G4n2nfJl5MW3BMygZX56zKPNVEYYqq7adpmMh4Jn2QNEwhvQlFy6jPVdcod7txZtKHWnyZiA3a0zP7A=="],

    "lightningcss": ["lightningcss@1.29.1", "", { "dependencies": { "detect-libc": "^1.0.3" }, "optionalDependencies": { "lightningcss-darwin-arm64": "1.29.1", "lightningcss-darwin-x64": "1.29.1", "lightningcss-freebsd-x64": "1.29.1", "lightningcss-linux-arm-gnueabihf": "1.29.1", "lightningcss-linux-arm64-gnu": "1.29.1", "lightningcss-linux-arm64-musl": "1.29.1", "lightningcss-linux-x64-gnu": "1.29.1", "lightningcss-linux-x64-musl": "1.29.1", "lightningcss-win32-arm64-msvc": "1.29.1", "lightningcss-win32-x64-msvc": "1.29.1" } }, "sha512-FmGoeD4S05ewj+AkhTY+D+myDvXI6eL27FjHIjoyUkO/uw7WZD1fBVs0QxeYWa7E17CUHJaYX/RUGISCtcrG4Q=="],

    "lightningcss-darwin-arm64": ["lightningcss-darwin-arm64@1.29.1", "", { "os": "darwin", "cpu": "arm64" }, "sha512-HtR5XJ5A0lvCqYAoSv2QdZZyoHNttBpa5EP9aNuzBQeKGfbyH5+UipLWvVzpP4Uml5ej4BYs5I9Lco9u1fECqw=="],

    "lightningcss-darwin-x64": ["lightningcss-darwin-x64@1.29.1", "", { "os": "darwin", "cpu": "x64" }, "sha512-k33G9IzKUpHy/J/3+9MCO4e+PzaFblsgBjSGlpAaFikeBFm8B/CkO3cKU9oI4g+fjS2KlkLM/Bza9K/aw8wsNA=="],

    "lightningcss-freebsd-x64": ["lightningcss-freebsd-x64@1.29.1", "", { "os": "freebsd", "cpu": "x64" }, "sha512-0SUW22fv/8kln2LnIdOCmSuXnxgxVC276W5KLTwoehiO0hxkacBxjHOL5EtHD8BAXg2BvuhsJPmVMasvby3LiQ=="],

    "lightningcss-linux-arm-gnueabihf": ["lightningcss-linux-arm-gnueabihf@1.29.1", "", { "os": "linux", "cpu": "arm" }, "sha512-sD32pFvlR0kDlqsOZmYqH/68SqUMPNj+0pucGxToXZi4XZgZmqeX/NkxNKCPsswAXU3UeYgDSpGhu05eAufjDg=="],

    "lightningcss-linux-arm64-gnu": ["lightningcss-linux-arm64-gnu@1.29.1", "", { "os": "linux", "cpu": "arm64" }, "sha512-0+vClRIZ6mmJl/dxGuRsE197o1HDEeeRk6nzycSy2GofC2JsY4ifCRnvUWf/CUBQmlrvMzt6SMQNMSEu22csWQ=="],

    "lightningcss-linux-arm64-musl": ["lightningcss-linux-arm64-musl@1.29.1", "", { "os": "linux", "cpu": "arm64" }, "sha512-UKMFrG4rL/uHNgelBsDwJcBqVpzNJbzsKkbI3Ja5fg00sgQnHw/VrzUTEc4jhZ+AN2BvQYz/tkHu4vt1kLuJyw=="],

    "lightningcss-linux-x64-gnu": ["lightningcss-linux-x64-gnu@1.29.1", "", { "os": "linux", "cpu": "x64" }, "sha512-u1S+xdODy/eEtjADqirA774y3jLcm8RPtYztwReEXoZKdzgsHYPl0s5V52Tst+GKzqjebkULT86XMSxejzfISw=="],

    "lightningcss-linux-x64-musl": ["lightningcss-linux-x64-musl@1.29.1", "", { "os": "linux", "cpu": "x64" }, "sha512-L0Tx0DtaNUTzXv0lbGCLB/c/qEADanHbu4QdcNOXLIe1i8i22rZRpbT3gpWYsCh9aSL9zFujY/WmEXIatWvXbw=="],

    "lightningcss-win32-arm64-msvc": ["lightningcss-win32-arm64-msvc@1.29.1", "", { "os": "win32", "cpu": "arm64" }, "sha512-QoOVnkIEFfbW4xPi+dpdft/zAKmgLgsRHfJalEPYuJDOWf7cLQzYg0DEh8/sn737FaeMJxHZRc1oBreiwZCjog=="],

    "lightningcss-win32-x64-msvc": ["lightningcss-win32-x64-msvc@1.29.1", "", { "os": "win32", "cpu": "x64" }, "sha512-NygcbThNBe4JElP+olyTI/doBNGJvLs3bFCRPdvuCcxZCcCZ71B858IHpdm7L1btZex0FvCmM17FK98Y9MRy1Q=="],

    "lodash.castarray": ["lodash.castarray@4.4.0", "", {}, "sha512-aVx8ztPv7/2ULbArGJ2Y42bG1mEQ5mGjpdvrbJcJFU3TbYybe+QlLS4pst9zV52ymy2in1KpFPiZnAOATxD4+Q=="],

    "lodash.isplainobject": ["lodash.isplainobject@4.0.6", "", {}, "sha512-oSXzaWypCMHkPC3NvBEaPHf0KsA5mvPrOPgQWDsbg8n7orZ290M0BmC/jgRZ4vcJ6DTAhjrsSYgdsW/F+MFOBA=="],

    "lodash.merge": ["lodash.merge@4.6.2", "", {}, "sha512-0KpjqXRVvrYyCsX1swR/XTK0va6VQkQM6MNo7PqW77ByjAhoARA8EfrP1N4+KlKj8YS0ZUCtRT/YUuhyYDujIQ=="],

    "micromatch": ["micromatch@4.0.8", "", { "dependencies": { "braces": "^3.0.3", "picomatch": "^2.3.1" } }, "sha512-PXwfBhYu0hBCPw8Dn0E+WDYb7af3dSLVWKi3HGv84IdF4TyFoC0ysxFd0Goxw7nSv4T/PzEJQxsYsEiFCKo2BA=="],

    "mri": ["mri@1.2.0", "", {}, "sha512-tzzskb3bG8LvYGFF/mDTpq3jpI6Q9wc3LEmBaghu+DdCssd1FakN7Bc0hVNmEyGq1bq3RgfkCb3cmQLpNPOroA=="],

    "node-addon-api": ["node-addon-api@7.1.1", "", {}, "sha512-5m3bsyrjFWE1xf7nz7YXdN4udnVtXK6/Yfgn5qnahL6bCkf2yKt4k3nuTKAtT4r3IG8JNR2ncsIMdZuAzJjHQQ=="],

    "picocolors": ["picocolors@1.1.1", "", {}, "sha512-xceH2snhtb5M9liqDsmEw56le376mTZkEX/jEb/RxNFyegNul7eNslCXP9FDj/Lcu0X8KEyMceP2ntpaHrDEVA=="],

    "picomatch": ["picomatch@2.3.1", "", {}, "sha512-JU3teHTNjmE2VCGFzuY8EXzCDVwEqB2a8fsIvwaStHhAWJEeVd1o1QD80CU6+ZdEXXSLbSsuLwJjkCBWqRQUVA=="],

    "postcss-selector-parser": ["postcss-selector-parser@6.0.10", "", { "dependencies": { "cssesc": "^3.0.0", "util-deprecate": "^1.0.2" } }, "sha512-IQ7TZdoaqbT+LCpShg46jnZVlhWD2w6iQYAcYXfHARZ7X1t/UGhhceQDs5X0cGqKvYlHNOuv7Oa1xmb0oQuA3w=="],

    "tabbable": ["tabbable@5.3.3", "", {}, "sha512-QD9qKY3StfbZqWOPLp0++pOrAVb/HbUi5xCc8cUo4XjP19808oaMiDzn0leBY5mCespIBM0CIZePzZjgzR83kA=="],

    "tailwindcss": ["tailwindcss@4.0.3", "", {}, "sha512-ImmZF0Lon5RrQpsEAKGxRvHwCvMgSC4XVlFRqmbzTEDb/3wvin9zfEZrMwgsa3yqBbPqahYcVI6lulM2S7IZAA=="],

    "tapable": ["tapable@2.2.1", "", {}, "sha512-GNzQvQTOIP6RyTfE2Qxb8ZVlNmw0n88vp1szwWRimP02mnTsx3Wtn5qRdqY9w2XduFNUgvOwhNnQsjwCp+kqaQ=="],

    "to-regex-range": ["to-regex-range@5.0.1", "", { "dependencies": { "is-number": "^7.0.0" } }, "sha512-65P7iz6X5yEr1cwcgvQxbbIw7Uk3gOy5dIdtZ4rDveLqhrdJP+Li/Hx6tyK0NEb+2GCyneCMJiGqrADCSNk8sQ=="],

    "util-deprecate": ["util-deprecate@1.0.2", "", {}, "sha512-EPD5q1uXyFxJpCrLnCc1nHnq3gOa6DZBocAIiI2TaSCA7VCJ1UJDMagCzIkXNsUYfD1daK//LTEQ8xiIbrHtcw=="],
  }
}
